
Microsoft Visual Studio Solution File, Format Version 12.00
# Visual Studio Version 17
VisualStudioVersion = 17.1.32328.378
MinimumVisualStudioVersion = 10.0.40219.1
Project("{9A19103F-16F7-4668-BE54-9A1E7A4F7556}") = "AnotherCardGame", "AnotherCardGame\AnotherCardGame.csproj", "{97B55BF1-95EB-4897-B259-95D3EB0317B7}"
EndProject
Project("{9A19103F-16F7-4668-BE54-9A1E7A4F7556}") = "AnotherCardGameTests", "AnotherCardGameTests\AnotherCardGameTests.csproj", "{6B0CDC88-E59B-4A95-BE5D-26090F24F4C0}"
EndProject
Global
	GlobalSection(SolutionConfigurationPlatforms) = preSolution
		Debug|Any CPU = Debug|Any CPU
		Release|Any CPU = Release|Any CPU
	EndGlobalSection
	GlobalSection(ProjectConfigurationPlatforms) = postSolution
		{97B55BF1-95EB-4897-B259-95D3EB0317B7}.Debug|Any CPU.ActiveCfg = Debug|Any CPU
		{97B55BF1-95EB-4897-B259-95D3EB0317B7}.Debug|Any CPU.Build.0 = Debug|Any CPU
		{97B55BF1-95EB-4897-B259-95D3EB0317B7}.Release|Any CPU.ActiveCfg = Release|Any CPU
		{97B55BF1-95EB-4897-B259-95D3EB0317B7}.Release|Any CPU.Build.0 = Release|Any CPU
		{6B0CDC88-E59B-4A95-BE5D-26090F24F4C0}.Debug|Any CPU.ActiveCfg = Debug|Any CPU
		{6B0CDC88-E59B-4A95-BE5D-26090F24F4C0}.Debug|Any CPU.Build.0 = Debug|Any CPU
		{6B0CDC88-E59B-4A95-BE5D-26090F24F4C0}.Release|Any CPU.ActiveCfg = Release|Any CPU
		{6B0CDC88-E59B-4A95-BE5D-26090F24F4C0}.Release|Any CPU.Build.0 = Release|Any CPU
	EndGlobalSection
	GlobalSection(SolutionProperties) = preSolution
		HideSolutionNode = FALSE
	EndGlobalSection
	GlobalSection(ExtensibilityGlobals) = postSolution
		SolutionGuid = {38CDFBF2-7A48-4EFC-9E05-37E61C7B363D}
	EndGlobalSection
EndGlobal
