
Microsoft Visual Studio Solution File, Format Version 12.00
# Visual Studio Version 17
VisualStudioVersion = 17.1.32328.378
MinimumVisualStudioVersion = 10.0.40219.1
Project("{9A19103F-16F7-4668-BE54-9A1E7A4F7556}") = "sample1", "sample1.csproj", "{B23DDE02-26F0-42D5-B9A7-D1640AF95974}"
EndProject
Global
	GlobalSection(SolutionConfigurationPlatforms) = preSolution
		Debug|Any CPU = Debug|Any CPU
		Release|Any CPU = Release|Any CPU
	EndGlobalSection
	GlobalSection(ProjectConfigurationPlatforms) = postSolution
		{B23DDE02-26F0-42D5-B9A7-D1640AF95974}.Debug|Any CPU.ActiveCfg = Debug|Any CPU
		{B23DDE02-26F0-42D5-B9A7-D1640AF95974}.Debug|Any CPU.Build.0 = Debug|Any CPU
		{B23DDE02-26F0-42D5-B9A7-D1640AF95974}.Release|Any CPU.ActiveCfg = Release|Any CPU
		{B23DDE02-26F0-42D5-B9A7-D1640AF95974}.Release|Any CPU.Build.0 = Release|Any CPU
	EndGlobalSection
	GlobalSection(SolutionProperties) = preSolution
		HideSolutionNode = FALSE
	EndGlobalSection
	GlobalSection(ExtensibilityGlobals) = postSolution
		SolutionGuid = {38CDFBF2-7A48-4EFC-9E05-37E61C7B363D}
	EndGlobalSection
EndGlobal
